
Microsoft Visual Studio Solution File, Format Version 12.00
# Visual Studio Version 16
VisualStudioVersion = 16.0.31025.194
MinimumVisualStudioVersion = 10.0.40219.1
Project("{FAE04EC0-301F-11D3-BF4B-00C04F79EFBC}") = "EmployeePortalChatAuthAPI", "EmployeePortalChatAuthAPI\EmployeePortalChatAuthAPI.csproj", "{4EBAF35C-603D-45A2-A0CC-CB65932D7CA6}"
EndProject
Global
	GlobalSection(SolutionConfigurationPlatforms) = preSolution
		Debug|Any CPU = Debug|Any CPU
		Release|Any CPU = Release|Any CPU
	EndGlobalSection
	GlobalSection(ProjectConfigurationPlatforms) = postSolution
		{4EBAF35C-603D-45A2-A0CC-CB65932D7CA6}.Debug|Any CPU.ActiveCfg = Debug|Any CPU
		{4EBAF35C-603D-45A2-A0CC-CB65932D7CA6}.Debug|Any CPU.Build.0 = Debug|Any CPU
		{4EBAF35C-603D-45A2-A0CC-CB65932D7CA6}.Release|Any CPU.ActiveCfg = Release|Any CPU
		{4EBAF35C-603D-45A2-A0CC-CB65932D7CA6}.Release|Any CPU.Build.0 = Release|Any CPU
	EndGlobalSection
	GlobalSection(SolutionProperties) = preSolution
		HideSolutionNode = FALSE
	EndGlobalSection
	GlobalSection(ExtensibilityGlobals) = postSolution
		SolutionGuid = {C8533246-16F3-4B34-AA04-46B0873050F5}
	EndGlobalSection
EndGlobal
